
Microsoft Visual Studio Solution File, Format Version 12.00
# Visual Studio 2012
Project("{FAE04EC0-301F-11D3-BF4B-00C04F79EFBC}") = "Agenture", "Agenture\Agenture.csproj", "{34CD1270-3CCC-4AB2-A5D0-134147520A81}"
EndProject
Global
	GlobalSection(SolutionConfigurationPlatforms) = preSolution
		Debug|iPhoneSimulator = Debug|iPhoneSimulator
		Release|iPhone = Release|iPhone
		Release|iPhoneSimulator = Release|iPhoneSimulator
		Debug|iPhone = Debug|iPhone
	EndGlobalSection
	GlobalSection(ProjectConfigurationPlatforms) = postSolution
		{34CD1270-3CCC-4AB2-A5D0-134147520A81}.Debug|iPhoneSimulator.ActiveCfg = Debug|iPhoneSimulator
		{34CD1270-3CCC-4AB2-A5D0-134147520A81}.Debug|iPhoneSimulator.Build.0 = Debug|iPhoneSimulator
		{34CD1270-3CCC-4AB2-A5D0-134147520A81}.Release|iPhone.ActiveCfg = Release|iPhone
		{34CD1270-3CCC-4AB2-A5D0-134147520A81}.Release|iPhone.Build.0 = Release|iPhone
		{34CD1270-3CCC-4AB2-A5D0-134147520A81}.Release|iPhoneSimulator.ActiveCfg = Release|iPhoneSimulator
		{34CD1270-3CCC-4AB2-A5D0-134147520A81}.Release|iPhoneSimulator.Build.0 = Release|iPhoneSimulator
		{34CD1270-3CCC-4AB2-A5D0-134147520A81}.Debug|iPhone.ActiveCfg = Debug|iPhone
		{34CD1270-3CCC-4AB2-A5D0-134147520A81}.Debug|iPhone.Build.0 = Debug|iPhone
	EndGlobalSection
EndGlobal
